
Microsoft Visual Studio Solution File, Format Version 12.00
# Visual Studio Version 17
VisualStudioVersion = 17.3.32922.545
MinimumVisualStudioVersion = 10.0.40219.1
Project("{9A19103F-16F7-4668-BE54-9A1E7A4F7556}") = "HabilitadorGraduaciones.Web", "HabilitadorGraduaciones.Web\HabilitadorGraduaciones.Web.csproj", "{D4A421B9-E42D-47E1-A1CB-1CF44628CFD8}"
EndProject
Project("{9A19103F-16F7-4668-BE54-9A1E7A4F7556}") = "HabilitadorGraduaciones.Core", "HabilitadorGraduaciones.Core\HabilitadorGraduaciones.Core.csproj", "{E0FB7E4D-98DC-4840-8A4E-11B4E50C5C17}"
EndProject
Project("{9A19103F-16F7-4668-BE54-9A1E7A4F7556}") = "HabilitadorGraduaciones.Data", "HabilitadorGraduaciones.Data\HabilitadorGraduaciones.Data.csproj", "{2F8D16BD-8B02-4BF6-89D8-186BB3E4EDB2}"
EndProject
Project("{9A19103F-16F7-4668-BE54-9A1E7A4F7556}") = "HabilitadorGraduaciones.Services", "HabilitadorGraduaciones.Services\HabilitadorGraduaciones.Services.csproj", "{D32E5CB0-E625-499D-ACA0-360C8CFBC3BD}"
EndProject
Project("{9A19103F-16F7-4668-BE54-9A1E7A4F7556}") = "HabilitadorGraduaciones.Test", "HabilitadorGraduaciones.Test\HabilitadorGraduaciones.Test.csproj", "{736F2BE7-B6E5-4275-9C46-9560C3D45818}"
EndProject
Global
	GlobalSection(SolutionConfigurationPlatforms) = preSolution
		Debug|Any CPU = Debug|Any CPU
		Release|Any CPU = Release|Any CPU
	EndGlobalSection
	GlobalSection(ProjectConfigurationPlatforms) = postSolution
		{D4A421B9-E42D-47E1-A1CB-1CF44628CFD8}.Debug|Any CPU.ActiveCfg = Debug|Any CPU
		{D4A421B9-E42D-47E1-A1CB-1CF44628CFD8}.Debug|Any CPU.Build.0 = Debug|Any CPU
		{D4A421B9-E42D-47E1-A1CB-1CF44628CFD8}.Release|Any CPU.ActiveCfg = Release|Any CPU
		{D4A421B9-E42D-47E1-A1CB-1CF44628CFD8}.Release|Any CPU.Build.0 = Release|Any CPU
		{E0FB7E4D-98DC-4840-8A4E-11B4E50C5C17}.Debug|Any CPU.ActiveCfg = Debug|Any CPU
		{E0FB7E4D-98DC-4840-8A4E-11B4E50C5C17}.Debug|Any CPU.Build.0 = Debug|Any CPU
		{E0FB7E4D-98DC-4840-8A4E-11B4E50C5C17}.Release|Any CPU.ActiveCfg = Release|Any CPU
		{E0FB7E4D-98DC-4840-8A4E-11B4E50C5C17}.Release|Any CPU.Build.0 = Release|Any CPU
		{2F8D16BD-8B02-4BF6-89D8-186BB3E4EDB2}.Debug|Any CPU.ActiveCfg = Debug|Any CPU
		{2F8D16BD-8B02-4BF6-89D8-186BB3E4EDB2}.Debug|Any CPU.Build.0 = Debug|Any CPU
		{2F8D16BD-8B02-4BF6-89D8-186BB3E4EDB2}.Release|Any CPU.ActiveCfg = Release|Any CPU
		{2F8D16BD-8B02-4BF6-89D8-186BB3E4EDB2}.Release|Any CPU.Build.0 = Release|Any CPU
		{D32E5CB0-E625-499D-ACA0-360C8CFBC3BD}.Debug|Any CPU.ActiveCfg = Debug|Any CPU
		{D32E5CB0-E625-499D-ACA0-360C8CFBC3BD}.Debug|Any CPU.Build.0 = Debug|Any CPU
		{D32E5CB0-E625-499D-ACA0-360C8CFBC3BD}.Release|Any CPU.ActiveCfg = Release|Any CPU
		{D32E5CB0-E625-499D-ACA0-360C8CFBC3BD}.Release|Any CPU.Build.0 = Release|Any CPU
		{736F2BE7-B6E5-4275-9C46-9560C3D45818}.Debug|Any CPU.ActiveCfg = Debug|Any CPU
		{736F2BE7-B6E5-4275-9C46-9560C3D45818}.Debug|Any CPU.Build.0 = Debug|Any CPU
		{736F2BE7-B6E5-4275-9C46-9560C3D45818}.Release|Any CPU.ActiveCfg = Release|Any CPU
		{736F2BE7-B6E5-4275-9C46-9560C3D45818}.Release|Any CPU.Build.0 = Release|Any CPU
	EndGlobalSection
	GlobalSection(SolutionProperties) = preSolution
		HideSolutionNode = FALSE
	EndGlobalSection
	GlobalSection(ExtensibilityGlobals) = postSolution
		SolutionGuid = {F4FAAD13-67E5-4CA6-B84B-4DEA4034E5F9}
	EndGlobalSection
EndGlobal
